{
  "name": "static",
  "version": "1.0.0",
  "lockfileVersion": 1,
  "requires": true,
  "dependencies": {
    "bootstrap": {
      "version": "4.6.0",
      "resolved": "https://registry.npmjs.org/bootstrap/-/bootstrap-4.6.0.tgz",
      "integrity": "sha512-Io55IuQY3kydzHtbGvQya3H+KorS/M9rSNyfCGCg9WZ4pyT/lCxIlpJgG1GXW/PswzC84Tr2fBYi+7+jFVQQBw=="
    },
    "cropper": {
      "version": "4.1.0",
      "resolved": "https://registry.npmjs.org/cropper/-/cropper-4.1.0.tgz",
      "integrity": "sha512-dNbkWNT606oMgRQ2aYMerDnPpSVLBMTWyERDHsDwih1ahJiVpyfSM9ev/n6G4ElfRG8t0shUZ5FXLg7YtmDdBQ==",
      "requires": {
        "cropperjs": "^1.5.6"
      }
    },
    "cropperjs": {
      "version": "1.5.12",
      "resolved": "https://registry.npmjs.org/cropperjs/-/cropperjs-1.5.12.tgz",
      "integrity": "sha512-re7UdjE5UnwdrovyhNzZ6gathI4Rs3KGCBSc8HCIjUo5hO42CtzyblmWLj6QWVw7huHyDMfpKxhiO2II77nhDw=="
    },
    "filepond": {
      "version": "4.30.3",
      "resolved": "https://registry.npmjs.org/filepond/-/filepond-4.30.3.tgz",
      "integrity": "sha512-G2b1LEe90Sq2vH0SYDASTB+vVU735NBctzIaFPlZtb14QAgi/AL89WyQ6LhTfqgyrMyuZur2O9yHAmzS2E9ZnA=="
    },
    "filepond-plugin-file-encode": {
      "version": "2.1.10",
      "resolved": "https://registry.npmjs.org/filepond-plugin-file-encode/-/filepond-plugin-file-encode-2.1.10.tgz",
      "integrity": "sha512-SCz6Pvu/30WV2knw+zMuJ4bB+vBE7niMg2Vte3NXY9K5qfBpX0Ido35PKUrxLatSMeWiwVakhwindt2n591jJw=="
    },
    "filepond-plugin-file-validate-size": {
      "version": "2.2.5",
      "resolved": "https://registry.npmjs.org/filepond-plugin-file-validate-size/-/filepond-plugin-file-validate-size-2.2.5.tgz",
      "integrity": "sha512-x+fYZl317R17w3dExKab1oYZa10Wl2HcXKD6dzIgRKyngEHtjBF99geGaiDPk9IfozV8Zjzx69D7urcthF2CYQ=="
    },
    "filepond-plugin-file-validate-type": {
      "version": "1.2.6",
      "resolved": "https://registry.npmjs.org/filepond-plugin-file-validate-type/-/filepond-plugin-file-validate-type-1.2.6.tgz",
      "integrity": "sha512-3JFxpb4o5D4BssP/Drjn2GPpejg/QXzU4e3/Pq8IvIJuokHz95b6+RPYstQ+6ITKREYup0N8F/CO/OQfhVkUgg=="
    },
    "filepond-plugin-image-crop": {
      "version": "2.0.6",
      "resolved": "https://registry.npmjs.org/filepond-plugin-image-crop/-/filepond-plugin-image-crop-2.0.6.tgz",
      "integrity": "sha512-bSy/KND4EP/QtW8MxIj23qgSEPUVRrT8XdktJ+OU9y8xRjFjTG+qcuw1LsycARQYRtzi8cZrD3P4POOITfkywQ=="
    },
    "filepond-plugin-image-edit": {
      "version": "1.6.3",
      "resolved": "https://registry.npmjs.org/filepond-plugin-image-edit/-/filepond-plugin-image-edit-1.6.3.tgz",
      "integrity": "sha512-5q3RDaVlfvyI346ckF1DfKw4uN5rfAmUCv7HCG30jBZcGmepg8hFyjVM71uZXYeb4AgLhpCkSPP8Immwig8bzw=="
    },
    "filepond-plugin-image-exif-orientation": {
      "version": "1.0.11",
      "resolved": "https://registry.npmjs.org/filepond-plugin-image-exif-orientation/-/filepond-plugin-image-exif-orientation-1.0.11.tgz",
      "integrity": "sha512-hLBc12Fk6Zkj3L8mSAn+elugHOqT5rLUbgVXQQIQjMe0FsGjtpoxqeVR6jt4IWHGat2L9sFAgU2TGmd1mqosCg=="
    },
    "filepond-plugin-image-preview": {
      "version": "4.6.10",
      "resolved": "https://registry.npmjs.org/filepond-plugin-image-preview/-/filepond-plugin-image-preview-4.6.10.tgz",
      "integrity": "sha512-C7Q5Sr/d4RQb2nMNQR93OiMt91OHxpvmIBGl+CO1dZE46lM49NUfI08dyElAOxTslDcA8pAfjFFCKo0sNYbrBg=="
    },
    "filepond-plugin-image-resize": {
      "version": "2.0.10",
      "resolved": "https://registry.npmjs.org/filepond-plugin-image-resize/-/filepond-plugin-image-resize-2.0.10.tgz",
      "integrity": "sha512-irX+J275u8Ph1KcciCeSQmxeFjbu0+co5XVCkiwdSNnz6KiqrCKN7RXTvEbdgSdDzyi5omr2oP1rKWps5L1RsQ=="
    },
    "filepond-plugin-image-transform": {
      "version": "3.8.7",
      "resolved": "https://registry.npmjs.org/filepond-plugin-image-transform/-/filepond-plugin-image-transform-3.8.7.tgz",
      "integrity": "sha512-vgKwyIDG2y5twanf7YpqZvxkaLudTjwd9vRcoq5sQDB8egUlX5/NA0bQ0823pocrm0fjbFeetICu44mkqeDkIA=="
    },
    "font-awesome": {
      "version": "4.7.0",
      "resolved": "https://registry.npmjs.org/font-awesome/-/font-awesome-4.7.0.tgz",
      "integrity": "sha1-j6jPBBGhoxr9B7BtKQK7n8gVoTM="
    },
    "jquery": {
      "version": "3.6.0",
      "resolved": "https://registry.npmjs.org/jquery/-/jquery-3.6.0.tgz",
      "integrity": "sha512-JVzAR/AjBvVt2BmYhxRCSYysDsPcssdmTFnzyLEts9qNwmjmu4JTAMYubEfwVOSwpQ1I1sKKFcxhZCI2buerfw=="
    },
    "jquery-cropper": {
      "version": "1.0.1",
      "resolved": "https://registry.npmjs.org/jquery-cropper/-/jquery-cropper-1.0.1.tgz",
      "integrity": "sha512-KGlY8b0IJQi2Bxe3lqMKmd5Z2Ce4GrnDE5O8Iciza9xCzXISkL6EqX/jFHwnLL1H6Q4FGjoRguuv3lxezsbKJQ=="
    },
    "jquery-filepond": {
      "version": "1.0.0",
      "resolved": "https://registry.npmjs.org/jquery-filepond/-/jquery-filepond-1.0.0.tgz",
      "integrity": "sha512-ONxFHUsDMfkHFhVn+GwE8XtEFE3WhSNun5+h3KxW1RiVs2pnnkO/3WvQ+IjnLP4ywVkzEgkNXJaguxPH4Wz3aw=="
    },
    "popper.js": {
      "version": "1.16.1",
      "resolved": "https://registry.npmjs.org/popper.js/-/popper.js-1.16.1.tgz",
      "integrity": "sha512-Wb4p1J4zyFTbM+u6WuO4XstYx4Ky9Cewe4DWrel7B0w6VVICvPwdOpotjzcf6eD8TsckVnIMNONQyPIUFOUbCQ=="
    }
  }
}
